
Microsoft Visual Studio Solution File, Format Version 12.00
# Visual Studio Version 17
VisualStudioVersion = 17.0.31903.59
MinimumVisualStudioVersion = 10.0.40219.1
Project("{2150E333-8FDC-42A3-9474-1A3956D46DE8}") = "src", "src", "{08B824B0-6A1B-4320-8CE2-4928AD84B0F1}"
EndProject
Project("{2150E333-8FDC-42A3-9474-1A3956D46DE8}") = "Core", "Core", "{F5E57F70-C1C4-4F1C-A732-D9DE1920E22B}"
EndProject
Project("{FAE04EC0-301F-11D3-BF4B-00C04F79EFBC}") = "EcommerceAPI.Domain", "src\Core\EcommerceAPI.Domain\EcommerceAPI.Domain.csproj", "{36917D9C-2ADC-4D9C-900C-73BFCF00D4AD}"
EndProject
Project("{FAE04EC0-301F-11D3-BF4B-00C04F79EFBC}") = "EcommerceAPI.Application", "src\Core\EcommerceAPI.Application\EcommerceAPI.Application.csproj", "{38801002-5556-4F59-837D-A5DDA561848D}"
EndProject
Project("{2150E333-8FDC-42A3-9474-1A3956D46DE8}") = "Infrastructure", "Infrastructure", "{88AE84E5-C783-49DB-B315-2C970DF8A760}"
EndProject
Project("{FAE04EC0-301F-11D3-BF4B-00C04F79EFBC}") = "EcommerceAPI.Infrastructure", "src\Infrastructure\EcommerceAPI.Infrastructure\EcommerceAPI.Infrastructure.csproj", "{D9FEFE6F-55EB-41A3-80B2-95A8C5F86220}"
EndProject
Project("{2150E333-8FDC-42A3-9474-1A3956D46DE8}") = "Presentation", "Presentation", "{B3639BC3-71F3-4CBA-B8FB-3948CA51E767}"
EndProject
Project("{FAE04EC0-301F-11D3-BF4B-00C04F79EFBC}") = "EcommerceAPI.API", "src\Presentation\EcommerceAPI.API\EcommerceAPI.API.csproj", "{7D80A291-D91F-4B1F-A564-479CBAA57FAB}"
EndProject
Project("{2150E333-8FDC-42A3-9474-1A3956D46DE8}") = "tests", "tests", "{551D2E74-1F03-4D04-B2AA-63A64D0D2C06}"
EndProject
Project("{FAE04EC0-301F-11D3-BF4B-00C04F79EFBC}") = "EcommerceAPI.Domain.Tests", "tests\EcommerceAPI.Domain.Tests\EcommerceAPI.Domain.Tests.csproj", "{9535B69E-54B5-4B72-867B-45BF03B5F606}"
EndProject
Project("{FAE04EC0-301F-11D3-BF4B-00C04F79EFBC}") = "EcommerceAPI.Application.Tests", "tests\EcommerceAPI.Application.Tests\EcommerceAPI.Application.Tests.csproj", "{ECA57228-4D9F-448D-8A49-FC3DBB7228DE}"
EndProject
Project("{FAE04EC0-301F-11D3-BF4B-00C04F79EFBC}") = "EcommerceAPI.Infrastructure.Tests", "tests\EcommerceAPI.Infrastructure.Tests\EcommerceAPI.Infrastructure.Tests.csproj", "{3C020707-42F3-4427-83D5-838A0A9AE028}"
EndProject
Project("{FAE04EC0-301F-11D3-BF4B-00C04F79EFBC}") = "EcommerceAPI.API.Tests", "tests\EcommerceAPI.API.Tests\EcommerceAPI.API.Tests.csproj", "{A3D42B41-9C23-4077-9AB0-9E4E71181E6F}"
EndProject
Global
	GlobalSection(SolutionConfigurationPlatforms) = preSolution
		Debug|Any CPU = Debug|Any CPU
		Release|Any CPU = Release|Any CPU
	EndGlobalSection
	GlobalSection(SolutionProperties) = preSolution
		HideSolutionNode = FALSE
	EndGlobalSection
	GlobalSection(ProjectConfigurationPlatforms) = postSolution
		{36917D9C-2ADC-4D9C-900C-73BFCF00D4AD}.Debug|Any CPU.ActiveCfg = Debug|Any CPU
		{36917D9C-2ADC-4D9C-900C-73BFCF00D4AD}.Debug|Any CPU.Build.0 = Debug|Any CPU
		{36917D9C-2ADC-4D9C-900C-73BFCF00D4AD}.Release|Any CPU.ActiveCfg = Release|Any CPU
		{36917D9C-2ADC-4D9C-900C-73BFCF00D4AD}.Release|Any CPU.Build.0 = Release|Any CPU
		{38801002-5556-4F59-837D-A5DDA561848D}.Debug|Any CPU.ActiveCfg = Debug|Any CPU
		{38801002-5556-4F59-837D-A5DDA561848D}.Debug|Any CPU.Build.0 = Debug|Any CPU
		{38801002-5556-4F59-837D-A5DDA561848D}.Release|Any CPU.ActiveCfg = Release|Any CPU
		{38801002-5556-4F59-837D-A5DDA561848D}.Release|Any CPU.Build.0 = Release|Any CPU
		{D9FEFE6F-55EB-41A3-80B2-95A8C5F86220}.Debug|Any CPU.ActiveCfg = Debug|Any CPU
		{D9FEFE6F-55EB-41A3-80B2-95A8C5F86220}.Debug|Any CPU.Build.0 = Debug|Any CPU
		{D9FEFE6F-55EB-41A3-80B2-95A8C5F86220}.Release|Any CPU.ActiveCfg = Release|Any CPU
		{D9FEFE6F-55EB-41A3-80B2-95A8C5F86220}.Release|Any CPU.Build.0 = Release|Any CPU
		{7D80A291-D91F-4B1F-A564-479CBAA57FAB}.Debug|Any CPU.ActiveCfg = Debug|Any CPU
		{7D80A291-D91F-4B1F-A564-479CBAA57FAB}.Debug|Any CPU.Build.0 = Debug|Any CPU
		{7D80A291-D91F-4B1F-A564-479CBAA57FAB}.Release|Any CPU.ActiveCfg = Release|Any CPU
		{7D80A291-D91F-4B1F-A564-479CBAA57FAB}.Release|Any CPU.Build.0 = Release|Any CPU
		{9535B69E-54B5-4B72-867B-45BF03B5F606}.Debug|Any CPU.ActiveCfg = Debug|Any CPU
		{9535B69E-54B5-4B72-867B-45BF03B5F606}.Debug|Any CPU.Build.0 = Debug|Any CPU
		{9535B69E-54B5-4B72-867B-45BF03B5F606}.Release|Any CPU.ActiveCfg = Release|Any CPU
		{9535B69E-54B5-4B72-867B-45BF03B5F606}.Release|Any CPU.Build.0 = Release|Any CPU
		{ECA57228-4D9F-448D-8A49-FC3DBB7228DE}.Debug|Any CPU.ActiveCfg = Debug|Any CPU
		{ECA57228-4D9F-448D-8A49-FC3DBB7228DE}.Debug|Any CPU.Build.0 = Debug|Any CPU
		{ECA57228-4D9F-448D-8A49-FC3DBB7228DE}.Release|Any CPU.ActiveCfg = Release|Any CPU
		{ECA57228-4D9F-448D-8A49-FC3DBB7228DE}.Release|Any CPU.Build.0 = Release|Any CPU
		{3C020707-42F3-4427-83D5-838A0A9AE028}.Debug|Any CPU.ActiveCfg = Debug|Any CPU
		{3C020707-42F3-4427-83D5-838A0A9AE028}.Debug|Any CPU.Build.0 = Debug|Any CPU
		{3C020707-42F3-4427-83D5-838A0A9AE028}.Release|Any CPU.ActiveCfg = Release|Any CPU
		{3C020707-42F3-4427-83D5-838A0A9AE028}.Release|Any CPU.Build.0 = Release|Any CPU
		{A3D42B41-9C23-4077-9AB0-9E4E71181E6F}.Debug|Any CPU.ActiveCfg = Debug|Any CPU
		{A3D42B41-9C23-4077-9AB0-9E4E71181E6F}.Debug|Any CPU.Build.0 = Debug|Any CPU
		{A3D42B41-9C23-4077-9AB0-9E4E71181E6F}.Release|Any CPU.ActiveCfg = Release|Any CPU
		{A3D42B41-9C23-4077-9AB0-9E4E71181E6F}.Release|Any CPU.Build.0 = Release|Any CPU
	EndGlobalSection
	GlobalSection(NestedProjects) = preSolution
		{F5E57F70-C1C4-4F1C-A732-D9DE1920E22B} = {08B824B0-6A1B-4320-8CE2-4928AD84B0F1}
		{36917D9C-2ADC-4D9C-900C-73BFCF00D4AD} = {F5E57F70-C1C4-4F1C-A732-D9DE1920E22B}
		{38801002-5556-4F59-837D-A5DDA561848D} = {F5E57F70-C1C4-4F1C-A732-D9DE1920E22B}
		{88AE84E5-C783-49DB-B315-2C970DF8A760} = {08B824B0-6A1B-4320-8CE2-4928AD84B0F1}
		{D9FEFE6F-55EB-41A3-80B2-95A8C5F86220} = {88AE84E5-C783-49DB-B315-2C970DF8A760}
		{B3639BC3-71F3-4CBA-B8FB-3948CA51E767} = {08B824B0-6A1B-4320-8CE2-4928AD84B0F1}
		{7D80A291-D91F-4B1F-A564-479CBAA57FAB} = {B3639BC3-71F3-4CBA-B8FB-3948CA51E767}
		{9535B69E-54B5-4B72-867B-45BF03B5F606} = {551D2E74-1F03-4D04-B2AA-63A64D0D2C06}
		{ECA57228-4D9F-448D-8A49-FC3DBB7228DE} = {551D2E74-1F03-4D04-B2AA-63A64D0D2C06}
		{3C020707-42F3-4427-83D5-838A0A9AE028} = {551D2E74-1F03-4D04-B2AA-63A64D0D2C06}
		{A3D42B41-9C23-4077-9AB0-9E4E71181E6F} = {551D2E74-1F03-4D04-B2AA-63A64D0D2C06}
	EndGlobalSection
EndGlobal
